
Microsoft Visual Studio Solution File, Format Version 12.00
# Visual Studio Version 17
VisualStudioVersion = 17.7.34024.191
MinimumVisualStudioVersion = 10.0.40219.1
Project("{FAE04EC0-301F-11D3-BF4B-00C04F79EFBC}") = "cnsGenMapMaze", "cnsGenMapMaze\cnsGenMapMaze.csproj", "{A363C79A-6210-4D07-BD13-87EB3492C89C}"
EndProject
Global
	GlobalSection(SolutionConfigurationPlatforms) = preSolution
		Debug|Any CPU = Debug|Any CPU
		Release|Any CPU = Release|Any CPU
	EndGlobalSection
	GlobalSection(ProjectConfigurationPlatforms) = postSolution
		{A363C79A-6210-4D07-BD13-87EB3492C89C}.Debug|Any CPU.ActiveCfg = Debug|Any CPU
		{A363C79A-6210-4D07-BD13-87EB3492C89C}.Debug|Any CPU.Build.0 = Debug|Any CPU
		{A363C79A-6210-4D07-BD13-87EB3492C89C}.Release|Any CPU.ActiveCfg = Release|Any CPU
		{A363C79A-6210-4D07-BD13-87EB3492C89C}.Release|Any CPU.Build.0 = Release|Any CPU
	EndGlobalSection
	GlobalSection(SolutionProperties) = preSolution
		HideSolutionNode = FALSE
	EndGlobalSection
	GlobalSection(ExtensibilityGlobals) = postSolution
		SolutionGuid = {FCE2E5D3-FECC-4142-BABF-56FF49BC7B85}
	EndGlobalSection
EndGlobal
