
Microsoft Visual Studio Solution File, Format Version 12.00
# Visual Studio Version 17
VisualStudioVersion = 17.7.34024.191
MinimumVisualStudioVersion = 10.0.40219.1
Project("{FAE04EC0-301F-11D3-BF4B-00C04F79EFBC}") = "wfaSender", "wfaSender\wfaSender.csproj", "{D7E5157E-D5E9-4562-8BC3-8033F98DD2AD}"
EndProject
Global
	GlobalSection(SolutionConfigurationPlatforms) = preSolution
		Debug|Any CPU = Debug|Any CPU
		Release|Any CPU = Release|Any CPU
	EndGlobalSection
	GlobalSection(ProjectConfigurationPlatforms) = postSolution
		{D7E5157E-D5E9-4562-8BC3-8033F98DD2AD}.Debug|Any CPU.ActiveCfg = Debug|Any CPU
		{D7E5157E-D5E9-4562-8BC3-8033F98DD2AD}.Debug|Any CPU.Build.0 = Debug|Any CPU
		{D7E5157E-D5E9-4562-8BC3-8033F98DD2AD}.Release|Any CPU.ActiveCfg = Release|Any CPU
		{D7E5157E-D5E9-4562-8BC3-8033F98DD2AD}.Release|Any CPU.Build.0 = Release|Any CPU
	EndGlobalSection
	GlobalSection(SolutionProperties) = preSolution
		HideSolutionNode = FALSE
	EndGlobalSection
	GlobalSection(ExtensibilityGlobals) = postSolution
		SolutionGuid = {788C74E4-38C9-4F60-8D70-C6161C649862}
	EndGlobalSection
EndGlobal
