
Microsoft Visual Studio Solution File, Format Version 12.00
# Visual Studio Version 17
VisualStudioVersion = 17.7.34024.191
MinimumVisualStudioVersion = 10.0.40219.1
Project("{FAE04EC0-301F-11D3-BF4B-00C04F79EFBC}") = "CarPlayWfa", "CarPlayWfa\CarPlayWfa.csproj", "{CE1BDC5A-CF6E-4629-8A6E-7926BEC632BF}"
EndProject
Global
	GlobalSection(SolutionConfigurationPlatforms) = preSolution
		Debug|Any CPU = Debug|Any CPU
		Release|Any CPU = Release|Any CPU
	EndGlobalSection
	GlobalSection(ProjectConfigurationPlatforms) = postSolution
		{CE1BDC5A-CF6E-4629-8A6E-7926BEC632BF}.Debug|Any CPU.ActiveCfg = Debug|Any CPU
		{CE1BDC5A-CF6E-4629-8A6E-7926BEC632BF}.Debug|Any CPU.Build.0 = Debug|Any CPU
		{CE1BDC5A-CF6E-4629-8A6E-7926BEC632BF}.Release|Any CPU.ActiveCfg = Release|Any CPU
		{CE1BDC5A-CF6E-4629-8A6E-7926BEC632BF}.Release|Any CPU.Build.0 = Release|Any CPU
	EndGlobalSection
	GlobalSection(SolutionProperties) = preSolution
		HideSolutionNode = FALSE
	EndGlobalSection
	GlobalSection(ExtensibilityGlobals) = postSolution
		SolutionGuid = {CAC6CCF5-4EA3-4348-BB5C-D7CD883FA978}
	EndGlobalSection
EndGlobal
