
Microsoft Visual Studio Solution File, Format Version 12.00
# Visual Studio Version 17
VisualStudioVersion = 17.7.34024.191
MinimumVisualStudioVersion = 10.0.40219.1
Project("{FAE04EC0-301F-11D3-BF4B-00C04F79EFBC}") = "wfaSQLiteNet", "wfpSQLiteNet\wfaSQLiteNet.csproj", "{CE5FC093-E2F9-4EBE-9402-D7DBCAC3E711}"
EndProject
Global
	GlobalSection(SolutionConfigurationPlatforms) = preSolution
		Debug|Any CPU = Debug|Any CPU
		Release|Any CPU = Release|Any CPU
	EndGlobalSection
	GlobalSection(ProjectConfigurationPlatforms) = postSolution
		{CE5FC093-E2F9-4EBE-9402-D7DBCAC3E711}.Debug|Any CPU.ActiveCfg = Debug|Any CPU
		{CE5FC093-E2F9-4EBE-9402-D7DBCAC3E711}.Debug|Any CPU.Build.0 = Debug|Any CPU
		{CE5FC093-E2F9-4EBE-9402-D7DBCAC3E711}.Release|Any CPU.ActiveCfg = Release|Any CPU
		{CE5FC093-E2F9-4EBE-9402-D7DBCAC3E711}.Release|Any CPU.Build.0 = Release|Any CPU
	EndGlobalSection
	GlobalSection(SolutionProperties) = preSolution
		HideSolutionNode = FALSE
	EndGlobalSection
	GlobalSection(ExtensibilityGlobals) = postSolution
		SolutionGuid = {079A81B7-F630-453F-AD2A-25F4C05F27DE}
	EndGlobalSection
EndGlobal
