
Microsoft Visual Studio Solution File, Format Version 12.00
# Visual Studio Version 17
VisualStudioVersion = 17.7.34024.191
MinimumVisualStudioVersion = 10.0.40219.1
Project("{FAE04EC0-301F-11D3-BF4B-00C04F79EFBC}") = "wpfStyleTriggers", "wpfStyleTriggers\wpfStyleTriggers.csproj", "{A86A586A-6038-485E-89C3-B04A3D12A8EC}"
EndProject
Global
	GlobalSection(SolutionConfigurationPlatforms) = preSolution
		Debug|Any CPU = Debug|Any CPU
		Release|Any CPU = Release|Any CPU
	EndGlobalSection
	GlobalSection(ProjectConfigurationPlatforms) = postSolution
		{A86A586A-6038-485E-89C3-B04A3D12A8EC}.Debug|Any CPU.ActiveCfg = Debug|Any CPU
		{A86A586A-6038-485E-89C3-B04A3D12A8EC}.Debug|Any CPU.Build.0 = Debug|Any CPU
		{A86A586A-6038-485E-89C3-B04A3D12A8EC}.Release|Any CPU.ActiveCfg = Release|Any CPU
		{A86A586A-6038-485E-89C3-B04A3D12A8EC}.Release|Any CPU.Build.0 = Release|Any CPU
	EndGlobalSection
	GlobalSection(SolutionProperties) = preSolution
		HideSolutionNode = FALSE
	EndGlobalSection
	GlobalSection(ExtensibilityGlobals) = postSolution
		SolutionGuid = {99ED3EA7-0EC2-4AA9-8196-82478AF2913D}
	EndGlobalSection
EndGlobal
