
Microsoft Visual Studio Solution File, Format Version 12.00
# Visual Studio Version 17
VisualStudioVersion = 17.7.34024.191
MinimumVisualStudioVersion = 10.0.40219.1
Project("{FAE04EC0-301F-11D3-BF4B-00C04F79EFBC}") = "cnsParse", "cnsParse\cnsParse.csproj", "{BE973834-D40F-4AB2-849C-811B077E6694}"
EndProject
Global
	GlobalSection(SolutionConfigurationPlatforms) = preSolution
		Debug|Any CPU = Debug|Any CPU
		Release|Any CPU = Release|Any CPU
	EndGlobalSection
	GlobalSection(ProjectConfigurationPlatforms) = postSolution
		{BE973834-D40F-4AB2-849C-811B077E6694}.Debug|Any CPU.ActiveCfg = Debug|Any CPU
		{BE973834-D40F-4AB2-849C-811B077E6694}.Debug|Any CPU.Build.0 = Debug|Any CPU
		{BE973834-D40F-4AB2-849C-811B077E6694}.Release|Any CPU.ActiveCfg = Release|Any CPU
		{BE973834-D40F-4AB2-849C-811B077E6694}.Release|Any CPU.Build.0 = Release|Any CPU
	EndGlobalSection
	GlobalSection(SolutionProperties) = preSolution
		HideSolutionNode = FALSE
	EndGlobalSection
	GlobalSection(ExtensibilityGlobals) = postSolution
		SolutionGuid = {336712A0-A2D9-483E-B6C1-ABFB75AFEE79}
	EndGlobalSection
EndGlobal
