
Microsoft Visual Studio Solution File, Format Version 12.00
# Visual Studio Version 17
VisualStudioVersion = 17.7.34024.191
MinimumVisualStudioVersion = 10.0.40219.1
Project("{FAE04EC0-301F-11D3-BF4B-00C04F79EFBC}") = "cnsGenMapBomberman", "cnsGenMapBomberman\cnsGenMapBomberman.csproj", "{CB05B0D1-9AED-4888-8D08-1A09ADB3C8C6}"
EndProject
Global
	GlobalSection(SolutionConfigurationPlatforms) = preSolution
		Debug|Any CPU = Debug|Any CPU
		Release|Any CPU = Release|Any CPU
	EndGlobalSection
	GlobalSection(ProjectConfigurationPlatforms) = postSolution
		{CB05B0D1-9AED-4888-8D08-1A09ADB3C8C6}.Debug|Any CPU.ActiveCfg = Debug|Any CPU
		{CB05B0D1-9AED-4888-8D08-1A09ADB3C8C6}.Debug|Any CPU.Build.0 = Debug|Any CPU
		{CB05B0D1-9AED-4888-8D08-1A09ADB3C8C6}.Release|Any CPU.ActiveCfg = Release|Any CPU
		{CB05B0D1-9AED-4888-8D08-1A09ADB3C8C6}.Release|Any CPU.Build.0 = Release|Any CPU
	EndGlobalSection
	GlobalSection(SolutionProperties) = preSolution
		HideSolutionNode = FALSE
	EndGlobalSection
	GlobalSection(ExtensibilityGlobals) = postSolution
		SolutionGuid = {117B9E4D-D1F5-4F7D-B4CA-E5E12812EE9C}
	EndGlobalSection
EndGlobal
