
Microsoft Visual Studio Solution File, Format Version 12.00
# Visual Studio Version 17
VisualStudioVersion = 17.7.34024.191
MinimumVisualStudioVersion = 10.0.40219.1
Project("{FAE04EC0-301F-11D3-BF4B-00C04F79EFBC}") = "cnsGenMapSapper", "cnsGenMapSapper\cnsGenMapSapper.csproj", "{8514D4FC-ADAB-439E-BBF3-F05EEA9CAD57}"
EndProject
Global
	GlobalSection(SolutionConfigurationPlatforms) = preSolution
		Debug|Any CPU = Debug|Any CPU
		Release|Any CPU = Release|Any CPU
	EndGlobalSection
	GlobalSection(ProjectConfigurationPlatforms) = postSolution
		{8514D4FC-ADAB-439E-BBF3-F05EEA9CAD57}.Debug|Any CPU.ActiveCfg = Debug|Any CPU
		{8514D4FC-ADAB-439E-BBF3-F05EEA9CAD57}.Debug|Any CPU.Build.0 = Debug|Any CPU
		{8514D4FC-ADAB-439E-BBF3-F05EEA9CAD57}.Release|Any CPU.ActiveCfg = Release|Any CPU
		{8514D4FC-ADAB-439E-BBF3-F05EEA9CAD57}.Release|Any CPU.Build.0 = Release|Any CPU
	EndGlobalSection
	GlobalSection(SolutionProperties) = preSolution
		HideSolutionNode = FALSE
	EndGlobalSection
	GlobalSection(ExtensibilityGlobals) = postSolution
		SolutionGuid = {57CAAF7D-0409-4FEF-A9C8-E2AA47C71285}
	EndGlobalSection
EndGlobal
