
Microsoft Visual Studio Solution File, Format Version 12.00
# Visual Studio Version 17
VisualStudioVersion = 17.7.34024.191
MinimumVisualStudioVersion = 10.0.40219.1
Project("{FAE04EC0-301F-11D3-BF4B-00C04F79EFBC}") = "cnsStack", "cnsStack\cnsStack.csproj", "{FFDD66D6-29FB-446C-B362-B8E05D5C226F}"
EndProject
Global
	GlobalSection(SolutionConfigurationPlatforms) = preSolution
		Debug|Any CPU = Debug|Any CPU
		Release|Any CPU = Release|Any CPU
	EndGlobalSection
	GlobalSection(ProjectConfigurationPlatforms) = postSolution
		{FFDD66D6-29FB-446C-B362-B8E05D5C226F}.Debug|Any CPU.ActiveCfg = Debug|Any CPU
		{FFDD66D6-29FB-446C-B362-B8E05D5C226F}.Debug|Any CPU.Build.0 = Debug|Any CPU
		{FFDD66D6-29FB-446C-B362-B8E05D5C226F}.Release|Any CPU.ActiveCfg = Release|Any CPU
		{FFDD66D6-29FB-446C-B362-B8E05D5C226F}.Release|Any CPU.Build.0 = Release|Any CPU
	EndGlobalSection
	GlobalSection(SolutionProperties) = preSolution
		HideSolutionNode = FALSE
	EndGlobalSection
	GlobalSection(ExtensibilityGlobals) = postSolution
		SolutionGuid = {57D9AAAF-9E1E-47C1-983C-1FD791E5959B}
	EndGlobalSection
EndGlobal
