
Microsoft Visual Studio Solution File, Format Version 12.00
# Visual Studio Version 17
VisualStudioVersion = 17.7.34024.191
MinimumVisualStudioVersion = 10.0.40219.1
Project("{FAE04EC0-301F-11D3-BF4B-00C04F79EFBC}") = "cnsGenDice", "cnsGenDice\cnsGenDice.csproj", "{15578F45-3AD8-4933-AB24-4322892DB4A7}"
EndProject
Global
	GlobalSection(SolutionConfigurationPlatforms) = preSolution
		Debug|Any CPU = Debug|Any CPU
		Release|Any CPU = Release|Any CPU
	EndGlobalSection
	GlobalSection(ProjectConfigurationPlatforms) = postSolution
		{15578F45-3AD8-4933-AB24-4322892DB4A7}.Debug|Any CPU.ActiveCfg = Debug|Any CPU
		{15578F45-3AD8-4933-AB24-4322892DB4A7}.Debug|Any CPU.Build.0 = Debug|Any CPU
		{15578F45-3AD8-4933-AB24-4322892DB4A7}.Release|Any CPU.ActiveCfg = Release|Any CPU
		{15578F45-3AD8-4933-AB24-4322892DB4A7}.Release|Any CPU.Build.0 = Release|Any CPU
	EndGlobalSection
	GlobalSection(SolutionProperties) = preSolution
		HideSolutionNode = FALSE
	EndGlobalSection
	GlobalSection(ExtensibilityGlobals) = postSolution
		SolutionGuid = {4608519E-CD11-4DE2-839F-C3545E9D52EC}
	EndGlobalSection
EndGlobal
