
Microsoft Visual Studio Solution File, Format Version 12.00
# Visual Studio Version 17
VisualStudioVersion = 17.7.34024.191
MinimumVisualStudioVersion = 10.0.40219.1
Project("{FAE04EC0-301F-11D3-BF4B-00C04F79EFBC}") = "BackgroundRemovalApp", "BackgroundRemovalApp\BackgroundRemovalApp.csproj", "{7B576CEA-3C33-472D-A6FC-06986B187792}"
EndProject
Global
	GlobalSection(SolutionConfigurationPlatforms) = preSolution
		Debug|Any CPU = Debug|Any CPU
		Release|Any CPU = Release|Any CPU
	EndGlobalSection
	GlobalSection(ProjectConfigurationPlatforms) = postSolution
		{7B576CEA-3C33-472D-A6FC-06986B187792}.Debug|Any CPU.ActiveCfg = Debug|Any CPU
		{7B576CEA-3C33-472D-A6FC-06986B187792}.Debug|Any CPU.Build.0 = Debug|Any CPU
		{7B576CEA-3C33-472D-A6FC-06986B187792}.Release|Any CPU.ActiveCfg = Release|Any CPU
		{7B576CEA-3C33-472D-A6FC-06986B187792}.Release|Any CPU.Build.0 = Release|Any CPU
	EndGlobalSection
	GlobalSection(SolutionProperties) = preSolution
		HideSolutionNode = FALSE
	EndGlobalSection
	GlobalSection(ExtensibilityGlobals) = postSolution
		SolutionGuid = {97B044C5-C612-42E5-BADF-93C32A0AD4A1}
	EndGlobalSection
EndGlobal
