
Microsoft Visual Studio Solution File, Format Version 12.00
# Visual Studio Version 17
VisualStudioVersion = 17.7.34024.191
MinimumVisualStudioVersion = 10.0.40219.1
Project("{FAE04EC0-301F-11D3-BF4B-00C04F79EFBC}") = "cnsDictionary", "cnsDictionary\cnsDictionary.csproj", "{A1B90F3D-F19A-4961-BD68-E85D0DB06EFA}"
EndProject
Global
	GlobalSection(SolutionConfigurationPlatforms) = preSolution
		Debug|Any CPU = Debug|Any CPU
		Release|Any CPU = Release|Any CPU
	EndGlobalSection
	GlobalSection(ProjectConfigurationPlatforms) = postSolution
		{A1B90F3D-F19A-4961-BD68-E85D0DB06EFA}.Debug|Any CPU.ActiveCfg = Debug|Any CPU
		{A1B90F3D-F19A-4961-BD68-E85D0DB06EFA}.Debug|Any CPU.Build.0 = Debug|Any CPU
		{A1B90F3D-F19A-4961-BD68-E85D0DB06EFA}.Release|Any CPU.ActiveCfg = Release|Any CPU
		{A1B90F3D-F19A-4961-BD68-E85D0DB06EFA}.Release|Any CPU.Build.0 = Release|Any CPU
	EndGlobalSection
	GlobalSection(SolutionProperties) = preSolution
		HideSolutionNode = FALSE
	EndGlobalSection
	GlobalSection(ExtensibilityGlobals) = postSolution
		SolutionGuid = {56FCF545-87F4-4985-BD18-6BB10CF80A3D}
	EndGlobalSection
EndGlobal
