
Microsoft Visual Studio Solution File, Format Version 12.00
# Visual Studio Version 17
VisualStudioVersion = 17.7.34024.191
MinimumVisualStudioVersion = 10.0.40219.1
Project("{FAE04EC0-301F-11D3-BF4B-00C04F79EFBC}") = "cnsColor", "cnsColor\cnsColor.csproj", "{E38B0825-D660-4F66-A810-9A14B16789FC}"
EndProject
Global
	GlobalSection(SolutionConfigurationPlatforms) = preSolution
		Debug|Any CPU = Debug|Any CPU
		Release|Any CPU = Release|Any CPU
	EndGlobalSection
	GlobalSection(ProjectConfigurationPlatforms) = postSolution
		{E38B0825-D660-4F66-A810-9A14B16789FC}.Debug|Any CPU.ActiveCfg = Debug|Any CPU
		{E38B0825-D660-4F66-A810-9A14B16789FC}.Debug|Any CPU.Build.0 = Debug|Any CPU
		{E38B0825-D660-4F66-A810-9A14B16789FC}.Release|Any CPU.ActiveCfg = Release|Any CPU
		{E38B0825-D660-4F66-A810-9A14B16789FC}.Release|Any CPU.Build.0 = Release|Any CPU
	EndGlobalSection
	GlobalSection(SolutionProperties) = preSolution
		HideSolutionNode = FALSE
	EndGlobalSection
	GlobalSection(ExtensibilityGlobals) = postSolution
		SolutionGuid = {BBD7F6F7-79D5-4BFA-AF50-DD65CF155E52}
	EndGlobalSection
EndGlobal
