
Microsoft Visual Studio Solution File, Format Version 12.00
# Visual Studio Version 17
VisualStudioVersion = 17.7.34024.191
MinimumVisualStudioVersion = 10.0.40219.1
Project("{FAE04EC0-301F-11D3-BF4B-00C04F79EFBC}") = "cnsDrawPatternColor", "cnsDrawPatternColor\cnsDrawPatternColor.csproj", "{DE6685AF-00E8-4D5C-8488-61E9A3E5286B}"
EndProject
Global
	GlobalSection(SolutionConfigurationPlatforms) = preSolution
		Debug|Any CPU = Debug|Any CPU
		Release|Any CPU = Release|Any CPU
	EndGlobalSection
	GlobalSection(ProjectConfigurationPlatforms) = postSolution
		{DE6685AF-00E8-4D5C-8488-61E9A3E5286B}.Debug|Any CPU.ActiveCfg = Debug|Any CPU
		{DE6685AF-00E8-4D5C-8488-61E9A3E5286B}.Debug|Any CPU.Build.0 = Debug|Any CPU
		{DE6685AF-00E8-4D5C-8488-61E9A3E5286B}.Release|Any CPU.ActiveCfg = Release|Any CPU
		{DE6685AF-00E8-4D5C-8488-61E9A3E5286B}.Release|Any CPU.Build.0 = Release|Any CPU
	EndGlobalSection
	GlobalSection(SolutionProperties) = preSolution
		HideSolutionNode = FALSE
	EndGlobalSection
	GlobalSection(ExtensibilityGlobals) = postSolution
		SolutionGuid = {DE0A743C-0883-4793-8F8D-8AB4BA6908CC}
	EndGlobalSection
EndGlobal
