
Microsoft Visual Studio Solution File, Format Version 12.00
# Visual Studio Version 17
VisualStudioVersion = 17.7.34024.191
MinimumVisualStudioVersion = 10.0.40219.1
Project("{FAE04EC0-301F-11D3-BF4B-00C04F79EFBC}") = "cnsSQLite", "cnsSQLite\cnsSQLite.csproj", "{67F4262B-DB4A-4FD8-80D6-573D9D99F48F}"
EndProject
Global
	GlobalSection(SolutionConfigurationPlatforms) = preSolution
		Debug|Any CPU = Debug|Any CPU
		Release|Any CPU = Release|Any CPU
	EndGlobalSection
	GlobalSection(ProjectConfigurationPlatforms) = postSolution
		{67F4262B-DB4A-4FD8-80D6-573D9D99F48F}.Debug|Any CPU.ActiveCfg = Debug|Any CPU
		{67F4262B-DB4A-4FD8-80D6-573D9D99F48F}.Debug|Any CPU.Build.0 = Debug|Any CPU
		{67F4262B-DB4A-4FD8-80D6-573D9D99F48F}.Release|Any CPU.ActiveCfg = Release|Any CPU
		{67F4262B-DB4A-4FD8-80D6-573D9D99F48F}.Release|Any CPU.Build.0 = Release|Any CPU
	EndGlobalSection
	GlobalSection(SolutionProperties) = preSolution
		HideSolutionNode = FALSE
	EndGlobalSection
	GlobalSection(ExtensibilityGlobals) = postSolution
		SolutionGuid = {262763B3-2E32-4933-A927-792A904AC495}
	EndGlobalSection
EndGlobal
